
Microsoft Visual Studio Solution File, Format Version 12.00
# Visual Studio Version 17
VisualStudioVersion = 17.7.34009.444
MinimumVisualStudioVersion = 10.0.40219.1
Project("{9A19103F-16F7-4668-BE54-9A1E7A4F7556}") = "ManageWebAppWithAuthentication", "ManageWebAppWithAuthentication.csproj", "{422F6EE7-EF20-4D02-8F5D-25FE8726314E}"
EndProject
Global
	GlobalSection(SolutionConfigurationPlatforms) = preSolution
		Debug|Any CPU = Debug|Any CPU
		Release|Any CPU = Release|Any CPU
	EndGlobalSection
	GlobalSection(ProjectConfigurationPlatforms) = postSolution
		{422F6EE7-EF20-4D02-8F5D-25FE8726314E}.Debug|Any CPU.ActiveCfg = Debug|Any CPU
		{422F6EE7-EF20-4D02-8F5D-25FE8726314E}.Debug|Any CPU.Build.0 = Debug|Any CPU
		{422F6EE7-EF20-4D02-8F5D-25FE8726314E}.Release|Any CPU.ActiveCfg = Release|Any CPU
		{422F6EE7-EF20-4D02-8F5D-25FE8726314E}.Release|Any CPU.Build.0 = Release|Any CPU
	EndGlobalSection
	GlobalSection(SolutionProperties) = preSolution
		HideSolutionNode = FALSE
	EndGlobalSection
	GlobalSection(ExtensibilityGlobals) = postSolution
		SolutionGuid = {8A2E1473-C823-4A36-9AED-3C767958CE01}
	EndGlobalSection
EndGlobal
